
Microsoft Visual Studio Solution File, Format Version 11.00
# Visual Studio 2010
Project("{FAE04EC0-301F-11D3-BF4B-00C04F79EFBC}") = "Assembly-CSharp", "Assembly-CSharp.csproj", "{2483ff3a-f450-c462-ff04-b4d142b2f830}"
EndProject
Project("{FAE04EC0-301F-11D3-BF4B-00C04F79EFBC}") = "Assembly-CSharp-Editor", "Assembly-CSharp-Editor.csproj", "{00e11516-a84a-6490-40b1-7c5b96d8a24d}"
EndProject
Global
	GlobalSection(SolutionConfigurationPlatforms) = preSolution
		Debug|Any CPU = Debug|Any CPU
	EndGlobalSection
	GlobalSection(ProjectConfigurationPlatforms) = postSolution
		{2483ff3a-f450-c462-ff04-b4d142b2f830}.Debug|Any CPU.ActiveCfg = Debug|Any CPU
		{2483ff3a-f450-c462-ff04-b4d142b2f830}.Debug|Any CPU.Build.0 = Debug|Any CPU
		{00e11516-a84a-6490-40b1-7c5b96d8a24d}.Debug|Any CPU.ActiveCfg = Debug|Any CPU
		{00e11516-a84a-6490-40b1-7c5b96d8a24d}.Debug|Any CPU.Build.0 = Debug|Any CPU
	EndGlobalSection
	GlobalSection(SolutionProperties) = preSolution
		HideSolutionNode = FALSE
	EndGlobalSection
EndGlobal
